
Microsoft Visual Studio Solution File, Format Version 12.00
# Visual Studio Version 17
VisualStudioVersion = 17.9.34723.18
MinimumVisualStudioVersion = 10.0.40219.1
Project("{FAE04EC0-301F-11D3-BF4B-00C04F79EFBC}") = "image", "image\image.csproj", "{B05FE39F-4C53-4867-838F-D4A3B3B2F43B}"
EndProject
Global
	GlobalSection(SolutionConfigurationPlatforms) = preSolution
		Debug|Any CPU = Debug|Any CPU
		Release|Any CPU = Release|Any CPU
	EndGlobalSection
	GlobalSection(ProjectConfigurationPlatforms) = postSolution
		{B05FE39F-4C53-4867-838F-D4A3B3B2F43B}.Debug|Any CPU.ActiveCfg = Debug|Any CPU
		{B05FE39F-4C53-4867-838F-D4A3B3B2F43B}.Debug|Any CPU.Build.0 = Debug|Any CPU
		{B05FE39F-4C53-4867-838F-D4A3B3B2F43B}.Release|Any CPU.ActiveCfg = Release|Any CPU
		{B05FE39F-4C53-4867-838F-D4A3B3B2F43B}.Release|Any CPU.Build.0 = Release|Any CPU
	EndGlobalSection
	GlobalSection(SolutionProperties) = preSolution
		HideSolutionNode = FALSE
	EndGlobalSection
	GlobalSection(ExtensibilityGlobals) = postSolution
		SolutionGuid = {DC4384F0-AAD3-4FCA-8A9A-57E690D8A975}
	EndGlobalSection
EndGlobal
